
Microsoft Visual Studio Solution File, Format Version 12.00
# Visual Studio Version 17
VisualStudioVersion = 17.9.34701.34
MinimumVisualStudioVersion = 10.0.40219.1
Project("{2150E333-8FDC-42A3-9474-1A3956D46DE8}") = "MedirLuces", "MedirLuces", "{9EB428FB-8BD8-49C0-AECB-A8812FE183BE}"
EndProject
Project("{2150E333-8FDC-42A3-9474-1A3956D46DE8}") = "1.Api", "1.Api", "{601EBAFE-F17F-4EA6-B200-F2051832FF41}"
EndProject
Project("{2150E333-8FDC-42A3-9474-1A3956D46DE8}") = "2.Core", "2.Core", "{9CDB9E10-9D4C-4AF0-AE71-4A4C4DA6A21A}"
EndProject
Project("{2150E333-8FDC-42A3-9474-1A3956D46DE8}") = "3.Infraestructura", "3.Infraestructura", "{3A2E9A5B-C448-4F76-9F1E-C60CF375008B}"
EndProject
Project("{2150E333-8FDC-42A3-9474-1A3956D46DE8}") = "4.common", "4.common", "{D5F3C899-2D51-4615-9FB2-EF86700369E4}"
EndProject
Project("{FAE04EC0-301F-11D3-BF4B-00C04F79EFBC}") = "MedicionLuces.api", "MedicionLuces.api\MedicionLuces.api.csproj", "{D4B5D796-FB71-4ABD-89D4-BB8551C40863}"
EndProject
Project("{FAE04EC0-301F-11D3-BF4B-00C04F79EFBC}") = "Api.Entidades", "Entidades\Api.Entidades.csproj", "{6A600426-1E9D-4A6D-B758-968BE43A1118}"
EndProject
Project("{FAE04EC0-301F-11D3-BF4B-00C04F79EFBC}") = "Api.service", "Api.service\Api.service.csproj", "{98E9B52E-E841-4CA9-87AD-8796BA01BB11}"
EndProject
Project("{FAE04EC0-301F-11D3-BF4B-00C04F79EFBC}") = "Api.Interfaces", "Api.Interfaces\Api.Interfaces.csproj", "{CE7DCFC5-1128-4124-9028-663B48558867}"
EndProject
Project("{FAE04EC0-301F-11D3-BF4B-00C04F79EFBC}") = "IoC", "IoC\IoC.csproj", "{03121105-F207-47EC-A02D-D5B8EC34FD95}"
EndProject
Global
	GlobalSection(SolutionConfigurationPlatforms) = preSolution
		Debug|Any CPU = Debug|Any CPU
		Release|Any CPU = Release|Any CPU
	EndGlobalSection
	GlobalSection(ProjectConfigurationPlatforms) = postSolution
		{D4B5D796-FB71-4ABD-89D4-BB8551C40863}.Debug|Any CPU.ActiveCfg = Debug|Any CPU
		{D4B5D796-FB71-4ABD-89D4-BB8551C40863}.Debug|Any CPU.Build.0 = Debug|Any CPU
		{D4B5D796-FB71-4ABD-89D4-BB8551C40863}.Release|Any CPU.ActiveCfg = Release|Any CPU
		{D4B5D796-FB71-4ABD-89D4-BB8551C40863}.Release|Any CPU.Build.0 = Release|Any CPU
		{6A600426-1E9D-4A6D-B758-968BE43A1118}.Debug|Any CPU.ActiveCfg = Debug|Any CPU
		{6A600426-1E9D-4A6D-B758-968BE43A1118}.Debug|Any CPU.Build.0 = Debug|Any CPU
		{6A600426-1E9D-4A6D-B758-968BE43A1118}.Release|Any CPU.ActiveCfg = Release|Any CPU
		{6A600426-1E9D-4A6D-B758-968BE43A1118}.Release|Any CPU.Build.0 = Release|Any CPU
		{98E9B52E-E841-4CA9-87AD-8796BA01BB11}.Debug|Any CPU.ActiveCfg = Debug|Any CPU
		{98E9B52E-E841-4CA9-87AD-8796BA01BB11}.Debug|Any CPU.Build.0 = Debug|Any CPU
		{98E9B52E-E841-4CA9-87AD-8796BA01BB11}.Release|Any CPU.ActiveCfg = Release|Any CPU
		{98E9B52E-E841-4CA9-87AD-8796BA01BB11}.Release|Any CPU.Build.0 = Release|Any CPU
		{CE7DCFC5-1128-4124-9028-663B48558867}.Debug|Any CPU.ActiveCfg = Debug|Any CPU
		{CE7DCFC5-1128-4124-9028-663B48558867}.Debug|Any CPU.Build.0 = Debug|Any CPU
		{CE7DCFC5-1128-4124-9028-663B48558867}.Release|Any CPU.ActiveCfg = Release|Any CPU
		{CE7DCFC5-1128-4124-9028-663B48558867}.Release|Any CPU.Build.0 = Release|Any CPU
		{03121105-F207-47EC-A02D-D5B8EC34FD95}.Debug|Any CPU.ActiveCfg = Debug|Any CPU
		{03121105-F207-47EC-A02D-D5B8EC34FD95}.Debug|Any CPU.Build.0 = Debug|Any CPU
		{03121105-F207-47EC-A02D-D5B8EC34FD95}.Release|Any CPU.ActiveCfg = Release|Any CPU
		{03121105-F207-47EC-A02D-D5B8EC34FD95}.Release|Any CPU.Build.0 = Release|Any CPU
	EndGlobalSection
	GlobalSection(SolutionProperties) = preSolution
		HideSolutionNode = FALSE
	EndGlobalSection
	GlobalSection(NestedProjects) = preSolution
		{601EBAFE-F17F-4EA6-B200-F2051832FF41} = {9EB428FB-8BD8-49C0-AECB-A8812FE183BE}
		{9CDB9E10-9D4C-4AF0-AE71-4A4C4DA6A21A} = {9EB428FB-8BD8-49C0-AECB-A8812FE183BE}
		{3A2E9A5B-C448-4F76-9F1E-C60CF375008B} = {9EB428FB-8BD8-49C0-AECB-A8812FE183BE}
		{D5F3C899-2D51-4615-9FB2-EF86700369E4} = {9EB428FB-8BD8-49C0-AECB-A8812FE183BE}
		{D4B5D796-FB71-4ABD-89D4-BB8551C40863} = {601EBAFE-F17F-4EA6-B200-F2051832FF41}
		{6A600426-1E9D-4A6D-B758-968BE43A1118} = {3A2E9A5B-C448-4F76-9F1E-C60CF375008B}
		{98E9B52E-E841-4CA9-87AD-8796BA01BB11} = {9CDB9E10-9D4C-4AF0-AE71-4A4C4DA6A21A}
		{CE7DCFC5-1128-4124-9028-663B48558867} = {9CDB9E10-9D4C-4AF0-AE71-4A4C4DA6A21A}
		{03121105-F207-47EC-A02D-D5B8EC34FD95} = {D5F3C899-2D51-4615-9FB2-EF86700369E4}
	EndGlobalSection
	GlobalSection(ExtensibilityGlobals) = postSolution
		SolutionGuid = {08AF1A51-B313-48DB-ADD4-D28DC9131123}
	EndGlobalSection
EndGlobal
